
Microsoft Visual Studio Solution File, Format Version 12.00
# Visual Studio Version 16
VisualStudioVersion = 16.0.28803.352
MinimumVisualStudioVersion = 10.0.40219.1
Project("{9A19103F-16F7-4668-BE54-9A1E7A4F7556}") = "BepuPhysics", "BepuPhysics\BepuPhysics.csproj", "{018B99C2-071D-444C-BC86-F270D4E8246E}"
EndProject
Project("{9A19103F-16F7-4668-BE54-9A1E7A4F7556}") = "BepuUtilities", "BepuUtilities\BepuUtilities.csproj", "{7D21AD8B-D3C5-465B-B12A-7EA8FA8285C4}"
EndProject
Project("{9A19103F-16F7-4668-BE54-9A1E7A4F7556}") = "ContentLoader", "ContentLoader\ContentLoader.csproj", "{3A2CE5F9-EF43-4E5B-9D24-C18E7B5E7D0C}"
EndProject
Project("{9A19103F-16F7-4668-BE54-9A1E7A4F7556}") = "ContentBuilder", "ContentBuilder\ContentBuilder.csproj", "{579563D5-31D2-48C8-91C1-F168E1EB789D}"
EndProject
Project("{9A19103F-16F7-4668-BE54-9A1E7A4F7556}") = "ServerUtilities", "ServerUtilities\ServerUtilities.csproj", "{14BC7A34-4D66-4D16-B39B-DC39FE39E983}"
EndProject
Project("{9A19103F-16F7-4668-BE54-9A1E7A4F7556}") = "Server", "Server\Server.csproj", "{3FBBD4F5-4768-4177-88BC-FD98F90A8C78}"
EndProject
Project("{9A19103F-16F7-4668-BE54-9A1E7A4F7556}") = "ContentRenderer", "ContentRenderer\ContentRenderer.csproj", "{39634A00-B55B-4E3C-9FA4-0121828FE09B}"
EndProject
Global
	GlobalSection(SolutionConfigurationPlatforms) = preSolution
		Debug|Any CPU = Debug|Any CPU
		Debug|x64 = Debug|x64
		Debug|x86 = Debug|x86
		Release|Any CPU = Release|Any CPU
		Release|x64 = Release|x64
		Release|x86 = Release|x86
		ReleaseStrip|Any CPU = ReleaseStrip|Any CPU
		ReleaseStrip|x64 = ReleaseStrip|x64
		ReleaseStrip|x86 = ReleaseStrip|x86
		ReleaseStripNoProfiling|Any CPU = ReleaseStripNoProfiling|Any CPU
		ReleaseStripNoProfiling|x64 = ReleaseStripNoProfiling|x64
		ReleaseStripNoProfiling|x86 = ReleaseStripNoProfiling|x86
	EndGlobalSection
	GlobalSection(ProjectConfigurationPlatforms) = postSolution
		{018B99C2-071D-444C-BC86-F270D4E8246E}.Debug|Any CPU.ActiveCfg = Debug|Any CPU
		{018B99C2-071D-444C-BC86-F270D4E8246E}.Debug|Any CPU.Build.0 = Debug|Any CPU
		{018B99C2-071D-444C-BC86-F270D4E8246E}.Debug|x64.ActiveCfg = Debug|Any CPU
		{018B99C2-071D-444C-BC86-F270D4E8246E}.Debug|x64.Build.0 = Debug|Any CPU
		{018B99C2-071D-444C-BC86-F270D4E8246E}.Debug|x86.ActiveCfg = Debug|Any CPU
		{018B99C2-071D-444C-BC86-F270D4E8246E}.Debug|x86.Build.0 = Debug|Any CPU
		{018B99C2-071D-444C-BC86-F270D4E8246E}.Release|Any CPU.ActiveCfg = Release|Any CPU
		{018B99C2-071D-444C-BC86-F270D4E8246E}.Release|Any CPU.Build.0 = Release|Any CPU
		{018B99C2-071D-444C-BC86-F270D4E8246E}.Release|x64.ActiveCfg = Release|Any CPU
		{018B99C2-071D-444C-BC86-F270D4E8246E}.Release|x64.Build.0 = Release|Any CPU
		{018B99C2-071D-444C-BC86-F270D4E8246E}.Release|x86.ActiveCfg = Release|Any CPU
		{018B99C2-071D-444C-BC86-F270D4E8246E}.Release|x86.Build.0 = Release|Any CPU
		{018B99C2-071D-444C-BC86-F270D4E8246E}.ReleaseStrip|Any CPU.ActiveCfg = ReleaseStrip|Any CPU
		{018B99C2-071D-444C-BC86-F270D4E8246E}.ReleaseStrip|Any CPU.Build.0 = ReleaseStrip|Any CPU
		{018B99C2-071D-444C-BC86-F270D4E8246E}.ReleaseStrip|x64.ActiveCfg = ReleaseStrip|Any CPU
		{018B99C2-071D-444C-BC86-F270D4E8246E}.ReleaseStrip|x64.Build.0 = ReleaseStrip|Any CPU
		{018B99C2-071D-444C-BC86-F270D4E8246E}.ReleaseStrip|x86.ActiveCfg = ReleaseStrip|Any CPU
		{018B99C2-071D-444C-BC86-F270D4E8246E}.ReleaseStrip|x86.Build.0 = ReleaseStrip|Any CPU
		{018B99C2-071D-444C-BC86-F270D4E8246E}.ReleaseStripNoProfiling|Any CPU.ActiveCfg = ReleaseStripNoProfiling|Any CPU
		{018B99C2-071D-444C-BC86-F270D4E8246E}.ReleaseStripNoProfiling|Any CPU.Build.0 = ReleaseStripNoProfiling|Any CPU
		{018B99C2-071D-444C-BC86-F270D4E8246E}.ReleaseStripNoProfiling|x64.ActiveCfg = ReleaseStripNoProfiling|Any CPU
		{018B99C2-071D-444C-BC86-F270D4E8246E}.ReleaseStripNoProfiling|x64.Build.0 = ReleaseStripNoProfiling|Any CPU
		{018B99C2-071D-444C-BC86-F270D4E8246E}.ReleaseStripNoProfiling|x86.ActiveCfg = ReleaseStripNoProfiling|Any CPU
		{018B99C2-071D-444C-BC86-F270D4E8246E}.ReleaseStripNoProfiling|x86.Build.0 = ReleaseStripNoProfiling|Any CPU
		{7D21AD8B-D3C5-465B-B12A-7EA8FA8285C4}.Debug|Any CPU.ActiveCfg = Debug|Any CPU
		{7D21AD8B-D3C5-465B-B12A-7EA8FA8285C4}.Debug|Any CPU.Build.0 = Debug|Any CPU
		{7D21AD8B-D3C5-465B-B12A-7EA8FA8285C4}.Debug|x64.ActiveCfg = Debug|Any CPU
		{7D21AD8B-D3C5-465B-B12A-7EA8FA8285C4}.Debug|x64.Build.0 = Debug|Any CPU
		{7D21AD8B-D3C5-465B-B12A-7EA8FA8285C4}.Debug|x86.ActiveCfg = Debug|Any CPU
		{7D21AD8B-D3C5-465B-B12A-7EA8FA8285C4}.Debug|x86.Build.0 = Debug|Any CPU
		{7D21AD8B-D3C5-465B-B12A-7EA8FA8285C4}.Release|Any CPU.ActiveCfg = Release|Any CPU
		{7D21AD8B-D3C5-465B-B12A-7EA8FA8285C4}.Release|Any CPU.Build.0 = Release|Any CPU
		{7D21AD8B-D3C5-465B-B12A-7EA8FA8285C4}.Release|x64.ActiveCfg = Release|Any CPU
		{7D21AD8B-D3C5-465B-B12A-7EA8FA8285C4}.Release|x64.Build.0 = Release|Any CPU
		{7D21AD8B-D3C5-465B-B12A-7EA8FA8285C4}.Release|x86.ActiveCfg = Release|Any CPU
		{7D21AD8B-D3C5-465B-B12A-7EA8FA8285C4}.Release|x86.Build.0 = Release|Any CPU
		{7D21AD8B-D3C5-465B-B12A-7EA8FA8285C4}.ReleaseStrip|Any CPU.ActiveCfg = ReleaseStrip|Any CPU
		{7D21AD8B-D3C5-465B-B12A-7EA8FA8285C4}.ReleaseStrip|Any CPU.Build.0 = ReleaseStrip|Any CPU
		{7D21AD8B-D3C5-465B-B12A-7EA8FA8285C4}.ReleaseStrip|x64.ActiveCfg = ReleaseStrip|Any CPU
		{7D21AD8B-D3C5-465B-B12A-7EA8FA8285C4}.ReleaseStrip|x64.Build.0 = ReleaseStrip|Any CPU
		{7D21AD8B-D3C5-465B-B12A-7EA8FA8285C4}.ReleaseStrip|x86.ActiveCfg = ReleaseStrip|Any CPU
		{7D21AD8B-D3C5-465B-B12A-7EA8FA8285C4}.ReleaseStrip|x86.Build.0 = ReleaseStrip|Any CPU
		{7D21AD8B-D3C5-465B-B12A-7EA8FA8285C4}.ReleaseStripNoProfiling|Any CPU.ActiveCfg = ReleaseStrip|Any CPU
		{7D21AD8B-D3C5-465B-B12A-7EA8FA8285C4}.ReleaseStripNoProfiling|Any CPU.Build.0 = ReleaseStrip|Any CPU
		{7D21AD8B-D3C5-465B-B12A-7EA8FA8285C4}.ReleaseStripNoProfiling|x64.ActiveCfg = ReleaseStrip|Any CPU
		{7D21AD8B-D3C5-465B-B12A-7EA8FA8285C4}.ReleaseStripNoProfiling|x64.Build.0 = ReleaseStrip|Any CPU
		{7D21AD8B-D3C5-465B-B12A-7EA8FA8285C4}.ReleaseStripNoProfiling|x86.ActiveCfg = ReleaseStrip|Any CPU
		{7D21AD8B-D3C5-465B-B12A-7EA8FA8285C4}.ReleaseStripNoProfiling|x86.Build.0 = ReleaseStrip|Any CPU
		{3A2CE5F9-EF43-4E5B-9D24-C18E7B5E7D0C}.Debug|Any CPU.ActiveCfg = Debug|Any CPU
		{3A2CE5F9-EF43-4E5B-9D24-C18E7B5E7D0C}.Debug|Any CPU.Build.0 = Debug|Any CPU
		{3A2CE5F9-EF43-4E5B-9D24-C18E7B5E7D0C}.Debug|x64.ActiveCfg = Debug|Any CPU
		{3A2CE5F9-EF43-4E5B-9D24-C18E7B5E7D0C}.Debug|x64.Build.0 = Debug|Any CPU
		{3A2CE5F9-EF43-4E5B-9D24-C18E7B5E7D0C}.Debug|x86.ActiveCfg = Debug|Any CPU
		{3A2CE5F9-EF43-4E5B-9D24-C18E7B5E7D0C}.Debug|x86.Build.0 = Debug|Any CPU
		{3A2CE5F9-EF43-4E5B-9D24-C18E7B5E7D0C}.Release|Any CPU.ActiveCfg = Release|Any CPU
		{3A2CE5F9-EF43-4E5B-9D24-C18E7B5E7D0C}.Release|Any CPU.Build.0 = Release|Any CPU
		{3A2CE5F9-EF43-4E5B-9D24-C18E7B5E7D0C}.Release|x64.ActiveCfg = Release|Any CPU
		{3A2CE5F9-EF43-4E5B-9D24-C18E7B5E7D0C}.Release|x64.Build.0 = Release|Any CPU
		{3A2CE5F9-EF43-4E5B-9D24-C18E7B5E7D0C}.Release|x86.ActiveCfg = Release|Any CPU
		{3A2CE5F9-EF43-4E5B-9D24-C18E7B5E7D0C}.Release|x86.Build.0 = Release|Any CPU
		{3A2CE5F9-EF43-4E5B-9D24-C18E7B5E7D0C}.ReleaseStrip|Any CPU.ActiveCfg = Release|Any CPU
		{3A2CE5F9-EF43-4E5B-9D24-C18E7B5E7D0C}.ReleaseStrip|Any CPU.Build.0 = Release|Any CPU
		{3A2CE5F9-EF43-4E5B-9D24-C18E7B5E7D0C}.ReleaseStrip|x64.ActiveCfg = Release|Any CPU
		{3A2CE5F9-EF43-4E5B-9D24-C18E7B5E7D0C}.ReleaseStrip|x64.Build.0 = Release|Any CPU
		{3A2CE5F9-EF43-4E5B-9D24-C18E7B5E7D0C}.ReleaseStrip|x86.ActiveCfg = Release|Any CPU
		{3A2CE5F9-EF43-4E5B-9D24-C18E7B5E7D0C}.ReleaseStrip|x86.Build.0 = Release|Any CPU
		{3A2CE5F9-EF43-4E5B-9D24-C18E7B5E7D0C}.ReleaseStripNoProfiling|Any CPU.ActiveCfg = Release|Any CPU
		{3A2CE5F9-EF43-4E5B-9D24-C18E7B5E7D0C}.ReleaseStripNoProfiling|Any CPU.Build.0 = Release|Any CPU
		{3A2CE5F9-EF43-4E5B-9D24-C18E7B5E7D0C}.ReleaseStripNoProfiling|x64.ActiveCfg = Release|Any CPU
		{3A2CE5F9-EF43-4E5B-9D24-C18E7B5E7D0C}.ReleaseStripNoProfiling|x64.Build.0 = Release|Any CPU
		{3A2CE5F9-EF43-4E5B-9D24-C18E7B5E7D0C}.ReleaseStripNoProfiling|x86.ActiveCfg = Release|Any CPU
		{3A2CE5F9-EF43-4E5B-9D24-C18E7B5E7D0C}.ReleaseStripNoProfiling|x86.Build.0 = Release|Any CPU
		{579563D5-31D2-48C8-91C1-F168E1EB789D}.Debug|Any CPU.ActiveCfg = Debug|Any CPU
		{579563D5-31D2-48C8-91C1-F168E1EB789D}.Debug|Any CPU.Build.0 = Debug|Any CPU
		{579563D5-31D2-48C8-91C1-F168E1EB789D}.Debug|x64.ActiveCfg = Debug|Any CPU
		{579563D5-31D2-48C8-91C1-F168E1EB789D}.Debug|x64.Build.0 = Debug|Any CPU
		{579563D5-31D2-48C8-91C1-F168E1EB789D}.Debug|x86.ActiveCfg = Debug|Any CPU
		{579563D5-31D2-48C8-91C1-F168E1EB789D}.Debug|x86.Build.0 = Debug|Any CPU
		{579563D5-31D2-48C8-91C1-F168E1EB789D}.Release|Any CPU.ActiveCfg = Release|Any CPU
		{579563D5-31D2-48C8-91C1-F168E1EB789D}.Release|Any CPU.Build.0 = Release|Any CPU
		{579563D5-31D2-48C8-91C1-F168E1EB789D}.Release|x64.ActiveCfg = Release|Any CPU
		{579563D5-31D2-48C8-91C1-F168E1EB789D}.Release|x64.Build.0 = Release|Any CPU
		{579563D5-31D2-48C8-91C1-F168E1EB789D}.Release|x86.ActiveCfg = Release|Any CPU
		{579563D5-31D2-48C8-91C1-F168E1EB789D}.Release|x86.Build.0 = Release|Any CPU
		{579563D5-31D2-48C8-91C1-F168E1EB789D}.ReleaseStrip|Any CPU.ActiveCfg = Release|Any CPU
		{579563D5-31D2-48C8-91C1-F168E1EB789D}.ReleaseStrip|Any CPU.Build.0 = Release|Any CPU
		{579563D5-31D2-48C8-91C1-F168E1EB789D}.ReleaseStrip|x64.ActiveCfg = Release|Any CPU
		{579563D5-31D2-48C8-91C1-F168E1EB789D}.ReleaseStrip|x64.Build.0 = Release|Any CPU
		{579563D5-31D2-48C8-91C1-F168E1EB789D}.ReleaseStrip|x86.ActiveCfg = Release|Any CPU
		{579563D5-31D2-48C8-91C1-F168E1EB789D}.ReleaseStrip|x86.Build.0 = Release|Any CPU
		{579563D5-31D2-48C8-91C1-F168E1EB789D}.ReleaseStripNoProfiling|Any CPU.ActiveCfg = Release|Any CPU
		{579563D5-31D2-48C8-91C1-F168E1EB789D}.ReleaseStripNoProfiling|Any CPU.Build.0 = Release|Any CPU
		{579563D5-31D2-48C8-91C1-F168E1EB789D}.ReleaseStripNoProfiling|x64.ActiveCfg = Release|Any CPU
		{579563D5-31D2-48C8-91C1-F168E1EB789D}.ReleaseStripNoProfiling|x64.Build.0 = Release|Any CPU
		{579563D5-31D2-48C8-91C1-F168E1EB789D}.ReleaseStripNoProfiling|x86.ActiveCfg = Release|Any CPU
		{579563D5-31D2-48C8-91C1-F168E1EB789D}.ReleaseStripNoProfiling|x86.Build.0 = Release|Any CPU
		{14BC7A34-4D66-4D16-B39B-DC39FE39E983}.Debug|Any CPU.ActiveCfg = Debug|Any CPU
		{14BC7A34-4D66-4D16-B39B-DC39FE39E983}.Debug|Any CPU.Build.0 = Debug|Any CPU
		{14BC7A34-4D66-4D16-B39B-DC39FE39E983}.Debug|x64.ActiveCfg = Debug|Any CPU
		{14BC7A34-4D66-4D16-B39B-DC39FE39E983}.Debug|x64.Build.0 = Debug|Any CPU
		{14BC7A34-4D66-4D16-B39B-DC39FE39E983}.Debug|x86.ActiveCfg = Debug|Any CPU
		{14BC7A34-4D66-4D16-B39B-DC39FE39E983}.Debug|x86.Build.0 = Debug|Any CPU
		{14BC7A34-4D66-4D16-B39B-DC39FE39E983}.Release|Any CPU.ActiveCfg = Release|Any CPU
		{14BC7A34-4D66-4D16-B39B-DC39FE39E983}.Release|Any CPU.Build.0 = Release|Any CPU
		{14BC7A34-4D66-4D16-B39B-DC39FE39E983}.Release|x64.ActiveCfg = Release|Any CPU
		{14BC7A34-4D66-4D16-B39B-DC39FE39E983}.Release|x64.Build.0 = Release|Any CPU
		{14BC7A34-4D66-4D16-B39B-DC39FE39E983}.Release|x86.ActiveCfg = Release|Any CPU
		{14BC7A34-4D66-4D16-B39B-DC39FE39E983}.Release|x86.Build.0 = Release|Any CPU
		{14BC7A34-4D66-4D16-B39B-DC39FE39E983}.ReleaseStrip|Any CPU.ActiveCfg = Release|Any CPU
		{14BC7A34-4D66-4D16-B39B-DC39FE39E983}.ReleaseStrip|Any CPU.Build.0 = Release|Any CPU
		{14BC7A34-4D66-4D16-B39B-DC39FE39E983}.ReleaseStrip|x64.ActiveCfg = Release|Any CPU
		{14BC7A34-4D66-4D16-B39B-DC39FE39E983}.ReleaseStrip|x64.Build.0 = Release|Any CPU
		{14BC7A34-4D66-4D16-B39B-DC39FE39E983}.ReleaseStrip|x86.ActiveCfg = Release|Any CPU
		{14BC7A34-4D66-4D16-B39B-DC39FE39E983}.ReleaseStrip|x86.Build.0 = Release|Any CPU
		{14BC7A34-4D66-4D16-B39B-DC39FE39E983}.ReleaseStripNoProfiling|Any CPU.ActiveCfg = Release|Any CPU
		{14BC7A34-4D66-4D16-B39B-DC39FE39E983}.ReleaseStripNoProfiling|Any CPU.Build.0 = Release|Any CPU
		{14BC7A34-4D66-4D16-B39B-DC39FE39E983}.ReleaseStripNoProfiling|x64.ActiveCfg = Release|Any CPU
		{14BC7A34-4D66-4D16-B39B-DC39FE39E983}.ReleaseStripNoProfiling|x64.Build.0 = Release|Any CPU
		{14BC7A34-4D66-4D16-B39B-DC39FE39E983}.ReleaseStripNoProfiling|x86.ActiveCfg = Release|Any CPU
		{14BC7A34-4D66-4D16-B39B-DC39FE39E983}.ReleaseStripNoProfiling|x86.Build.0 = Release|Any CPU
		{3FBBD4F5-4768-4177-88BC-FD98F90A8C78}.Debug|Any CPU.ActiveCfg = Debug|Any CPU
		{3FBBD4F5-4768-4177-88BC-FD98F90A8C78}.Debug|Any CPU.Build.0 = Debug|Any CPU
		{3FBBD4F5-4768-4177-88BC-FD98F90A8C78}.Debug|x64.ActiveCfg = Debug|Any CPU
		{3FBBD4F5-4768-4177-88BC-FD98F90A8C78}.Debug|x64.Build.0 = Debug|Any CPU
		{3FBBD4F5-4768-4177-88BC-FD98F90A8C78}.Debug|x86.ActiveCfg = Debug|Any CPU
		{3FBBD4F5-4768-4177-88BC-FD98F90A8C78}.Debug|x86.Build.0 = Debug|Any CPU
		{3FBBD4F5-4768-4177-88BC-FD98F90A8C78}.Release|Any CPU.ActiveCfg = Release|Any CPU
		{3FBBD4F5-4768-4177-88BC-FD98F90A8C78}.Release|Any CPU.Build.0 = Release|Any CPU
		{3FBBD4F5-4768-4177-88BC-FD98F90A8C78}.Release|x64.ActiveCfg = Release|Any CPU
		{3FBBD4F5-4768-4177-88BC-FD98F90A8C78}.Release|x64.Build.0 = Release|Any CPU
		{3FBBD4F5-4768-4177-88BC-FD98F90A8C78}.Release|x86.ActiveCfg = Release|Any CPU
		{3FBBD4F5-4768-4177-88BC-FD98F90A8C78}.Release|x86.Build.0 = Release|Any CPU
		{3FBBD4F5-4768-4177-88BC-FD98F90A8C78}.ReleaseStrip|Any CPU.ActiveCfg = Release|Any CPU
		{3FBBD4F5-4768-4177-88BC-FD98F90A8C78}.ReleaseStrip|Any CPU.Build.0 = Release|Any CPU
		{3FBBD4F5-4768-4177-88BC-FD98F90A8C78}.ReleaseStrip|x64.ActiveCfg = Release|Any CPU
		{3FBBD4F5-4768-4177-88BC-FD98F90A8C78}.ReleaseStrip|x64.Build.0 = Release|Any CPU
		{3FBBD4F5-4768-4177-88BC-FD98F90A8C78}.ReleaseStrip|x86.ActiveCfg = Release|Any CPU
		{3FBBD4F5-4768-4177-88BC-FD98F90A8C78}.ReleaseStrip|x86.Build.0 = Release|Any CPU
		{3FBBD4F5-4768-4177-88BC-FD98F90A8C78}.ReleaseStripNoProfiling|Any CPU.ActiveCfg = Release|Any CPU
		{3FBBD4F5-4768-4177-88BC-FD98F90A8C78}.ReleaseStripNoProfiling|Any CPU.Build.0 = Release|Any CPU
		{3FBBD4F5-4768-4177-88BC-FD98F90A8C78}.ReleaseStripNoProfiling|x64.ActiveCfg = Release|Any CPU
		{3FBBD4F5-4768-4177-88BC-FD98F90A8C78}.ReleaseStripNoProfiling|x64.Build.0 = Release|Any CPU
		{3FBBD4F5-4768-4177-88BC-FD98F90A8C78}.ReleaseStripNoProfiling|x86.ActiveCfg = Release|Any CPU
		{3FBBD4F5-4768-4177-88BC-FD98F90A8C78}.ReleaseStripNoProfiling|x86.Build.0 = Release|Any CPU
		{39634A00-B55B-4E3C-9FA4-0121828FE09B}.Debug|Any CPU.ActiveCfg = Debug|Any CPU
		{39634A00-B55B-4E3C-9FA4-0121828FE09B}.Debug|Any CPU.Build.0 = Debug|Any CPU
		{39634A00-B55B-4E3C-9FA4-0121828FE09B}.Debug|x64.ActiveCfg = Debug|Any CPU
		{39634A00-B55B-4E3C-9FA4-0121828FE09B}.Debug|x64.Build.0 = Debug|Any CPU
		{39634A00-B55B-4E3C-9FA4-0121828FE09B}.Debug|x86.ActiveCfg = Debug|Any CPU
		{39634A00-B55B-4E3C-9FA4-0121828FE09B}.Debug|x86.Build.0 = Debug|Any CPU
		{39634A00-B55B-4E3C-9FA4-0121828FE09B}.Release|Any CPU.ActiveCfg = Release|Any CPU
		{39634A00-B55B-4E3C-9FA4-0121828FE09B}.Release|Any CPU.Build.0 = Release|Any CPU
		{39634A00-B55B-4E3C-9FA4-0121828FE09B}.Release|x64.ActiveCfg = Release|Any CPU
		{39634A00-B55B-4E3C-9FA4-0121828FE09B}.Release|x64.Build.0 = Release|Any CPU
		{39634A00-B55B-4E3C-9FA4-0121828FE09B}.Release|x86.ActiveCfg = Release|Any CPU
		{39634A00-B55B-4E3C-9FA4-0121828FE09B}.Release|x86.Build.0 = Release|Any CPU
		{39634A00-B55B-4E3C-9FA4-0121828FE09B}.ReleaseStrip|Any CPU.ActiveCfg = Release|Any CPU
		{39634A00-B55B-4E3C-9FA4-0121828FE09B}.ReleaseStrip|Any CPU.Build.0 = Release|Any CPU
		{39634A00-B55B-4E3C-9FA4-0121828FE09B}.ReleaseStrip|x64.ActiveCfg = Release|Any CPU
		{39634A00-B55B-4E3C-9FA4-0121828FE09B}.ReleaseStrip|x64.Build.0 = Release|Any CPU
		{39634A00-B55B-4E3C-9FA4-0121828FE09B}.ReleaseStrip|x86.ActiveCfg = Release|Any CPU
		{39634A00-B55B-4E3C-9FA4-0121828FE09B}.ReleaseStrip|x86.Build.0 = Release|Any CPU
		{39634A00-B55B-4E3C-9FA4-0121828FE09B}.ReleaseStripNoProfiling|Any CPU.ActiveCfg = Release|Any CPU
		{39634A00-B55B-4E3C-9FA4-0121828FE09B}.ReleaseStripNoProfiling|Any CPU.Build.0 = Release|Any CPU
		{39634A00-B55B-4E3C-9FA4-0121828FE09B}.ReleaseStripNoProfiling|x64.ActiveCfg = Release|Any CPU
		{39634A00-B55B-4E3C-9FA4-0121828FE09B}.ReleaseStripNoProfiling|x64.Build.0 = Release|Any CPU
		{39634A00-B55B-4E3C-9FA4-0121828FE09B}.ReleaseStripNoProfiling|x86.ActiveCfg = Release|Any CPU
		{39634A00-B55B-4E3C-9FA4-0121828FE09B}.ReleaseStripNoProfiling|x86.Build.0 = Release|Any CPU
	EndGlobalSection
	GlobalSection(SolutionProperties) = preSolution
		HideSolutionNode = FALSE
	EndGlobalSection
	GlobalSection(ExtensibilityGlobals) = postSolution
		SolutionGuid = {99CFEDE5-DEB1-43BA-8964-C30FDA8F5E98}
	EndGlobalSection
EndGlobal
